Microsoft Visual Studio Solution File, Format Version 12.00
# Visual Studio Version 17
VisualStudioVersion = 17.6.33829.357
MinimumVisualStudioVersion = 10.0.40219.1
Project("{8BC9CEB8-8B4A-11D0-8D11-00A0C91BC942}") = "GCodeInterpreter", "GCodeInterpreter\GCodeInterpreter.vcxproj", "{FB604DCB-AE28-48CA-8256-95E450E170D7}"
	ProjectSection(ProjectDependencies) = postProject
		{FF59B059-0303-47F0-BE70-71F66E39C1A4} = {FF59B059-0303-47F0-BE70-71F66E39C1A4}
		{8B437BFD-1793-4B31-8370-D46409DCB8F9} = {8B437BFD-1793-4B31-8370-D46409DCB8F9}
	EndProjectSection
EndProject
Project("{8BC9CEB8-8B4A-11D0-8D11-00A0C91BC942}") = "KMViaVB", "KMViaVB\KMViaVB.vcxproj", "{8EE3F6E8-BBC3-4C25-ADE2-F714653FCC03}"
	ProjectSection(ProjectDependencies) = postProject
		{FF59B059-0303-47F0-BE70-71F66E39C1A4} = {FF59B059-0303-47F0-BE70-71F66E39C1A4}
		{FB604DCB-AE28-48CA-8256-95E450E170D7} = {FB604DCB-AE28-48CA-8256-95E450E170D7}
		{E6C1A3CB-B812-4FEF-A3CC-5AF62CFFB06D} = {E6C1A3CB-B812-4FEF-A3CC-5AF62CFFB06D}
		{8B437BFD-1793-4B31-8370-D46409DCB8F9} = {8B437BFD-1793-4B31-8370-D46409DCB8F9}
	EndProjectSection
EndProject
Project("{8BC9CEB8-8B4A-11D0-8D11-00A0C91BC942}") = "KMotionDLL", "KMotionDLL\KMotionDLL.vcxproj", "{FF59B059-0303-47F0-BE70-71F66E39C1A4}"
	ProjectSection(ProjectDependencies) = postProject
		{8B437BFD-1793-4B31-8370-D46409DCB8F9} = {8B437BFD-1793-4B31-8370-D46409DCB8F9}
	EndProjectSection
EndProject
Project("{8BC9CEB8-8B4A-11D0-8D11-00A0C91BC942}") = "KMotionServer", "KMotionServer\KMotionServer.vcxproj", "{E6C1A3CB-B812-4FEF-A3CC-5AF62CFFB06D}"
	ProjectSection(ProjectDependencies) = postProject
		{FF59B059-0303-47F0-BE70-71F66E39C1A4} = {FF59B059-0303-47F0-BE70-71F66E39C1A4}
	EndProjectSection
EndProject
Project("{8BC9CEB8-8B4A-11D0-8D11-00A0C91BC942}") = "TCC67", "TCC67\TCC67.vcxproj", "{8B437BFD-1793-4B31-8370-D46409DCB8F9}"
EndProject
Project("{FAE04EC0-301F-11D3-BF4B-00C04F79EFBC}") = "KMotion_dotNet", "KMotion_dotNet\KMotion_dotNet.csproj", "{6E7CF9BA-11BD-428B-B23E-2E16EF7BF2BD}"
	ProjectSection(ProjectDependencies) = postProject
		{FF59B059-0303-47F0-BE70-71F66E39C1A4} = {FF59B059-0303-47F0-BE70-71F66E39C1A4}
		{44FD12A3-D043-4DE3-BA2F-0F1DC1440488} = {44FD12A3-D043-4DE3-BA2F-0F1DC1440488}
		{FB604DCB-AE28-48CA-8256-95E450E170D7} = {FB604DCB-AE28-48CA-8256-95E450E170D7}
		{E6C1A3CB-B812-4FEF-A3CC-5AF62CFFB06D} = {E6C1A3CB-B812-4FEF-A3CC-5AF62CFFB06D}
		{8B437BFD-1793-4B31-8370-D46409DCB8F9} = {8B437BFD-1793-4B31-8370-D46409DCB8F9}
	EndProjectSection
EndProject
Project("{8BC9CEB8-8B4A-11D0-8D11-00A0C91BC942}") = "KMotion_dotNet_Interop", "KMotion_dotNet_Interop\KMotion_dotNet_Interop.vcxproj", "{44FD12A3-D043-4DE3-BA2F-0F1DC1440488}"
	ProjectSection(ProjectDependencies) = postProject
		{FF59B059-0303-47F0-BE70-71F66E39C1A4} = {FF59B059-0303-47F0-BE70-71F66E39C1A4}
		{FB604DCB-AE28-48CA-8256-95E450E170D7} = {FB604DCB-AE28-48CA-8256-95E450E170D7}
		{E6C1A3CB-B812-4FEF-A3CC-5AF62CFFB06D} = {E6C1A3CB-B812-4FEF-A3CC-5AF62CFFB06D}
		{8B437BFD-1793-4B31-8370-D46409DCB8F9} = {8B437BFD-1793-4B31-8370-D46409DCB8F9}
	EndProjectSection
EndProject
Project("{8BC9CEB8-8B4A-11D0-8D11-00A0C91BC942}") = "SciLexer", "Scintilla\vcbuild\SciLexer.vcxproj", "{5BB432FA-0E5D-49E0-BE8C-927ADE45E156}"
EndProject
Global
	GlobalSection(SolutionConfigurationPlatforms) = preSolution
		Debug|Any CPU = Debug|Any CPU
		Debug|Mixed Platforms = Debug|Mixed Platforms
		Debug|Win32 = Debug|Win32
		Debug|x64 = Debug|x64
		Debug|x86 = Debug|x86
		Debug64|Any CPU = Debug64|Any CPU
		Debug64|Mixed Platforms = Debug64|Mixed Platforms
		Debug64|Win32 = Debug64|Win32
		Debug64|x64 = Debug64|x64
		Debug64|x86 = Debug64|x86
		Release|Any CPU = Release|Any CPU
		Release|Mixed Platforms = Release|Mixed Platforms
		Release|Win32 = Release|Win32
		Release|x64 = Release|x64
		Release|x86 = Release|x86
		Release64|Any CPU = Release64|Any CPU
		Release64|Mixed Platforms = Release64|Mixed Platforms
		Release64|Win32 = Release64|Win32
		Release64|x64 = Release64|x64
		Release64|x86 = Release64|x86
	EndGlobalSection
	GlobalSection(ProjectConfigurationPlatforms) = postSolution
		{FB604DCB-AE28-48CA-8256-95E450E170D7}.Debug|Any CPU.ActiveCfg = Debug|Win32
		{FB604DCB-AE28-48CA-8256-95E450E170D7}.Debug|Mixed Platforms.ActiveCfg = Debug|Win32
		{FB604DCB-AE28-48CA-8256-95E450E170D7}.Debug|Win32.ActiveCfg = Debug|Win32
		{FB604DCB-AE28-48CA-8256-95E450E170D7}.Debug|Win32.Build.0 = Debug|Win32
		{FB604DCB-AE28-48CA-8256-95E450E170D7}.Debug|x64.ActiveCfg = Debug|x64
		{FB604DCB-AE28-48CA-8256-95E450E170D7}.Debug|x86.ActiveCfg = Debug|Win32
		{FB604DCB-AE28-48CA-8256-95E450E170D7}.Debug|x86.Build.0 = Debug|Win32
		{FB604DCB-AE28-48CA-8256-95E450E170D7}.Debug64|Any CPU.ActiveCfg = Debug64|x64
		{FB604DCB-AE28-48CA-8256-95E450E170D7}.Debug64|Mixed Platforms.ActiveCfg = Debug64|Win32
		{FB604DCB-AE28-48CA-8256-95E450E170D7}.Debug64|Win32.ActiveCfg = Debug64|Win32
		{FB604DCB-AE28-48CA-8256-95E450E170D7}.Debug64|x64.ActiveCfg = Debug64|x64
		{FB604DCB-AE28-48CA-8256-95E450E170D7}.Debug64|x64.Build.0 = Debug64|x64
		{FB604DCB-AE28-48CA-8256-95E450E170D7}.Debug64|x86.ActiveCfg = Debug64|Win32
		{FB604DCB-AE28-48CA-8256-95E450E170D7}.Release|Any CPU.ActiveCfg = Release|Win32
		{FB604DCB-AE28-48CA-8256-95E450E170D7}.Release|Mixed Platforms.ActiveCfg = Release|Win32
		{FB604DCB-AE28-48CA-8256-95E450E170D7}.Release|Win32.ActiveCfg = Release|Win32
		{FB604DCB-AE28-48CA-8256-95E450E170D7}.Release|Win32.Build.0 = Release|Win32
		{FB604DCB-AE28-48CA-8256-95E450E170D7}.Release|x64.ActiveCfg = Release|x64
		{FB604DCB-AE28-48CA-8256-95E450E170D7}.Release|x86.ActiveCfg = Release|Win32
		{FB604DCB-AE28-48CA-8256-95E450E170D7}.Release|x86.Build.0 = Release|Win32
		{FB604DCB-AE28-48CA-8256-95E450E170D7}.Release64|Any CPU.ActiveCfg = Release64|x64
		{FB604DCB-AE28-48CA-8256-95E450E170D7}.Release64|Mixed Platforms.ActiveCfg = Release64|x64
		{FB604DCB-AE28-48CA-8256-95E450E170D7}.Release64|Win32.ActiveCfg = Release64|Win32
		{FB604DCB-AE28-48CA-8256-95E450E170D7}.Release64|x64.ActiveCfg = Release64|x64
		{FB604DCB-AE28-48CA-8256-95E450E170D7}.Release64|x64.Build.0 = Release64|x64
		{FB604DCB-AE28-48CA-8256-95E450E170D7}.Release64|x86.ActiveCfg = Release64|Win32
		{8EE3F6E8-BBC3-4C25-ADE2-F714653FCC03}.Debug|Any CPU.ActiveCfg = Debug|Win32
		{8EE3F6E8-BBC3-4C25-ADE2-F714653FCC03}.Debug|Mixed Platforms.ActiveCfg = Debug|Win32
		{8EE3F6E8-BBC3-4C25-ADE2-F714653FCC03}.Debug|Win32.ActiveCfg = Debug|Win32
		{8EE3F6E8-BBC3-4C25-ADE2-F714653FCC03}.Debug|Win32.Build.0 = Debug|Win32
		{8EE3F6E8-BBC3-4C25-ADE2-F714653FCC03}.Debug|x64.ActiveCfg = Debug|x64
		{8EE3F6E8-BBC3-4C25-ADE2-F714653FCC03}.Debug|x86.ActiveCfg = Debug|Win32
		{8EE3F6E8-BBC3-4C25-ADE2-F714653FCC03}.Debug|x86.Build.0 = Debug|Win32
		{8EE3F6E8-BBC3-4C25-ADE2-F714653FCC03}.Debug64|Any CPU.ActiveCfg = Debug64|x64
		{8EE3F6E8-BBC3-4C25-ADE2-F714653FCC03}.Debug64|Mixed Platforms.ActiveCfg = Debug64|Win32
		{8EE3F6E8-BBC3-4C25-ADE2-F714653FCC03}.Debug64|Win32.ActiveCfg = Debug64|Win32
		{8EE3F6E8-BBC3-4C25-ADE2-F714653FCC03}.Debug64|x64.ActiveCfg = Debug64|x64
		{8EE3F6E8-BBC3-4C25-ADE2-F714653FCC03}.Debug64|x64.Build.0 = Debug64|x64
		{8EE3F6E8-BBC3-4C25-ADE2-F714653FCC03}.Debug64|x86.ActiveCfg = Debug64|Win32
		{8EE3F6E8-BBC3-4C25-ADE2-F714653FCC03}.Release|Any CPU.ActiveCfg = Release|Win32
		{8EE3F6E8-BBC3-4C25-ADE2-F714653FCC03}.Release|Mixed Platforms.ActiveCfg = Release|Win32
		{8EE3F6E8-BBC3-4C25-ADE2-F714653FCC03}.Release|Win32.ActiveCfg = Release|Win32
		{8EE3F6E8-BBC3-4C25-ADE2-F714653FCC03}.Release|Win32.Build.0 = Release|Win32
		{8EE3F6E8-BBC3-4C25-ADE2-F714653FCC03}.Release|x64.ActiveCfg = Release|x64
		{8EE3F6E8-BBC3-4C25-ADE2-F714653FCC03}.Release|x86.ActiveCfg = Release|Win32
		{8EE3F6E8-BBC3-4C25-ADE2-F714653FCC03}.Release|x86.Build.0 = Release|Win32
		{8EE3F6E8-BBC3-4C25-ADE2-F714653FCC03}.Release64|Any CPU.ActiveCfg = Release64|x64
		{8EE3F6E8-BBC3-4C25-ADE2-F714653FCC03}.Release64|Mixed Platforms.ActiveCfg = Release64|x64
		{8EE3F6E8-BBC3-4C25-ADE2-F714653FCC03}.Release64|Win32.ActiveCfg = Release64|Win32
		{8EE3F6E8-BBC3-4C25-ADE2-F714653FCC03}.Release64|x64.ActiveCfg = Release64|x64
		{8EE3F6E8-BBC3-4C25-ADE2-F714653FCC03}.Release64|x64.Build.0 = Release64|x64
		{8EE3F6E8-BBC3-4C25-ADE2-F714653FCC03}.Release64|x86.ActiveCfg = Release64|Win32
		{FF59B059-0303-47F0-BE70-71F66E39C1A4}.Debug|Any CPU.ActiveCfg = Debug|Win32
		{FF59B059-0303-47F0-BE70-71F66E39C1A4}.Debug|Mixed Platforms.ActiveCfg = Debug|Win32
		{FF59B059-0303-47F0-BE70-71F66E39C1A4}.Debug|Win32.ActiveCfg = Debug|Win32
		{FF59B059-0303-47F0-BE70-71F66E39C1A4}.Debug|Win32.Build.0 = Debug|Win32
		{FF59B059-0303-47F0-BE70-71F66E39C1A4}.Debug|x64.ActiveCfg = Debug|x64
		{FF59B059-0303-47F0-BE70-71F66E39C1A4}.Debug|x86.ActiveCfg = Debug|Win32
		{FF59B059-0303-47F0-BE70-71F66E39C1A4}.Debug|x86.Build.0 = Debug|Win32
		{FF59B059-0303-47F0-BE70-71F66E39C1A4}.Debug64|Any CPU.ActiveCfg = Debug64|x64
		{FF59B059-0303-47F0-BE70-71F66E39C1A4}.Debug64|Mixed Platforms.ActiveCfg = Debug64|Win32
		{FF59B059-0303-47F0-BE70-71F66E39C1A4}.Debug64|Win32.ActiveCfg = Debug64|Win32
		{FF59B059-0303-47F0-BE70-71F66E39C1A4}.Debug64|x64.ActiveCfg = Debug64|x64
		{FF59B059-0303-47F0-BE70-71F66E39C1A4}.Debug64|x64.Build.0 = Debug64|x64
		{FF59B059-0303-47F0-BE70-71F66E39C1A4}.Debug64|x86.ActiveCfg = Debug64|Win32
		{FF59B059-0303-47F0-BE70-71F66E39C1A4}.Release|Any CPU.ActiveCfg = Release|Win32
		{FF59B059-0303-47F0-BE70-71F66E39C1A4}.Release|Mixed Platforms.ActiveCfg = Release|Win32
		{FF59B059-0303-47F0-BE70-71F66E39C1A4}.Release|Win32.ActiveCfg = Release|Win32
		{FF59B059-0303-47F0-BE70-71F66E39C1A4}.Release|Win32.Build.0 = Release|Win32
		{FF59B059-0303-47F0-BE70-71F66E39C1A4}.Release|x64.ActiveCfg = Release|x64
		{FF59B059-0303-47F0-BE70-71F66E39C1A4}.Release|x86.ActiveCfg = Release|Win32
		{FF59B059-0303-47F0-BE70-71F66E39C1A4}.Release|x86.Build.0 = Release|Win32
		{FF59B059-0303-47F0-BE70-71F66E39C1A4}.Release64|Any CPU.ActiveCfg = Release64|x64
		{FF59B059-0303-47F0-BE70-71F66E39C1A4}.Release64|Mixed Platforms.ActiveCfg = Release64|x64
		{FF59B059-0303-47F0-BE70-71F66E39C1A4}.Release64|Win32.ActiveCfg = Release64|Win32
		{FF59B059-0303-47F0-BE70-71F66E39C1A4}.Release64|x64.ActiveCfg = Release64|x64
		{FF59B059-0303-47F0-BE70-71F66E39C1A4}.Release64|x64.Build.0 = Release64|x64
		{FF59B059-0303-47F0-BE70-71F66E39C1A4}.Release64|x86.ActiveCfg = Release64|Win32
		{E6C1A3CB-B812-4FEF-A3CC-5AF62CFFB06D}.Debug|Any CPU.ActiveCfg = Debug|Win32
		{E6C1A3CB-B812-4FEF-A3CC-5AF62CFFB06D}.Debug|Mixed Platforms.ActiveCfg = Debug|Win32
		{E6C1A3CB-B812-4FEF-A3CC-5AF62CFFB06D}.Debug|Win32.ActiveCfg = Debug|Win32
		{E6C1A3CB-B812-4FEF-A3CC-5AF62CFFB06D}.Debug|Win32.Build.0 = Debug|Win32
		{E6C1A3CB-B812-4FEF-A3CC-5AF62CFFB06D}.Debug|x64.ActiveCfg = Debug|x64
		{E6C1A3CB-B812-4FEF-A3CC-5AF62CFFB06D}.Debug|x86.ActiveCfg = Debug|Win32
		{E6C1A3CB-B812-4FEF-A3CC-5AF62CFFB06D}.Debug|x86.Build.0 = Debug|Win32
		{E6C1A3CB-B812-4FEF-A3CC-5AF62CFFB06D}.Debug64|Any CPU.ActiveCfg = Debug64|x64
		{E6C1A3CB-B812-4FEF-A3CC-5AF62CFFB06D}.Debug64|Mixed Platforms.ActiveCfg = Debug64|Win32
		{E6C1A3CB-B812-4FEF-A3CC-5AF62CFFB06D}.Debug64|Win32.ActiveCfg = Debug64|Win32
		{E6C1A3CB-B812-4FEF-A3CC-5AF62CFFB06D}.Debug64|x64.ActiveCfg = Debug64|x64
		{E6C1A3CB-B812-4FEF-A3CC-5AF62CFFB06D}.Debug64|x64.Build.0 = Debug64|x64
		{E6C1A3CB-B812-4FEF-A3CC-5AF62CFFB06D}.Debug64|x86.ActiveCfg = Debug64|Win32
		{E6C1A3CB-B812-4FEF-A3CC-5AF62CFFB06D}.Release|Any CPU.ActiveCfg = Release|Win32
		{E6C1A3CB-B812-4FEF-A3CC-5AF62CFFB06D}.Release|Mixed Platforms.ActiveCfg = Release|Win32
		{E6C1A3CB-B812-4FEF-A3CC-5AF62CFFB06D}.Release|Win32.ActiveCfg = Release|Win32
		{E6C1A3CB-B812-4FEF-A3CC-5AF62CFFB06D}.Release|Win32.Build.0 = Release|Win32
		{E6C1A3CB-B812-4FEF-A3CC-5AF62CFFB06D}.Release|x64.ActiveCfg = Release|x64
		{E6C1A3CB-B812-4FEF-A3CC-5AF62CFFB06D}.Release|x86.ActiveCfg = Release|Win32
		{E6C1A3CB-B812-4FEF-A3CC-5AF62CFFB06D}.Release|x86.Build.0 = Release|Win32
		{E6C1A3CB-B812-4FEF-A3CC-5AF62CFFB06D}.Release64|Any CPU.ActiveCfg = Release64|x64
		{E6C1A3CB-B812-4FEF-A3CC-5AF62CFFB06D}.Release64|Mixed Platforms.ActiveCfg = Release64|x64
		{E6C1A3CB-B812-4FEF-A3CC-5AF62CFFB06D}.Release64|Win32.ActiveCfg = Release64|Win32
		{E6C1A3CB-B812-4FEF-A3CC-5AF62CFFB06D}.Release64|x64.ActiveCfg = Release64|x64
		{E6C1A3CB-B812-4FEF-A3CC-5AF62CFFB06D}.Release64|x64.Build.0 = Release64|x64
		{E6C1A3CB-B812-4FEF-A3CC-5AF62CFFB06D}.Release64|x86.ActiveCfg = Release64|Win32
		{8B437BFD-1793-4B31-8370-D46409DCB8F9}.Debug|Any CPU.ActiveCfg = Debug|Win32
		{8B437BFD-1793-4B31-8370-D46409DCB8F9}.Debug|Mixed Platforms.ActiveCfg = Debug|Win32
		{8B437BFD-1793-4B31-8370-D46409DCB8F9}.Debug|Win32.ActiveCfg = Debug|Win32
		{8B437BFD-1793-4B31-8370-D46409DCB8F9}.Debug|Win32.Build.0 = Debug|Win32
		{8B437BFD-1793-4B31-8370-D46409DCB8F9}.Debug|x64.ActiveCfg = Debug|x64
		{8B437BFD-1793-4B31-8370-D46409DCB8F9}.Debug|x86.ActiveCfg = Debug|Win32
		{8B437BFD-1793-4B31-8370-D46409DCB8F9}.Debug|x86.Build.0 = Debug|Win32
		{8B437BFD-1793-4B31-8370-D46409DCB8F9}.Debug64|Any CPU.ActiveCfg = Debug64|x64
		{8B437BFD-1793-4B31-8370-D46409DCB8F9}.Debug64|Mixed Platforms.ActiveCfg = Debug64|Win32
		{8B437BFD-1793-4B31-8370-D46409DCB8F9}.Debug64|Win32.ActiveCfg = Debug64|Win32
		{8B437BFD-1793-4B31-8370-D46409DCB8F9}.Debug64|x64.ActiveCfg = Debug64|x64
		{8B437BFD-1793-4B31-8370-D46409DCB8F9}.Debug64|x86.ActiveCfg = Debug64|Win32
		{8B437BFD-1793-4B31-8370-D46409DCB8F9}.Release|Any CPU.ActiveCfg = Release|Win32
		{8B437BFD-1793-4B31-8370-D46409DCB8F9}.Release|Mixed Platforms.ActiveCfg = Release|Win32
		{8B437BFD-1793-4B31-8370-D46409DCB8F9}.Release|Win32.ActiveCfg = Release|Win32
		{8B437BFD-1793-4B31-8370-D46409DCB8F9}.Release|Win32.Build.0 = Release|Win32
		{8B437BFD-1793-4B31-8370-D46409DCB8F9}.Release|x64.ActiveCfg = Release|x64
		{8B437BFD-1793-4B31-8370-D46409DCB8F9}.Release|x86.ActiveCfg = Release|Win32
		{8B437BFD-1793-4B31-8370-D46409DCB8F9}.Release|x86.Build.0 = Release|Win32
		{8B437BFD-1793-4B31-8370-D46409DCB8F9}.Release64|Any CPU.ActiveCfg = Release64|x64
		{8B437BFD-1793-4B31-8370-D46409DCB8F9}.Release64|Mixed Platforms.ActiveCfg = Release64|x64
		{8B437BFD-1793-4B31-8370-D46409DCB8F9}.Release64|Win32.ActiveCfg = Release64|Win32
		{8B437BFD-1793-4B31-8370-D46409DCB8F9}.Release64|x64.ActiveCfg = Release64|x64
		{8B437BFD-1793-4B31-8370-D46409DCB8F9}.Release64|x86.ActiveCfg = Release64|Win32
		{6E7CF9BA-11BD-428B-B23E-2E16EF7BF2BD}.Debug|Any CPU.ActiveCfg = Debug|Any CPU
		{6E7CF9BA-11BD-428B-B23E-2E16EF7BF2BD}.Debug|Mixed Platforms.ActiveCfg = Debug|x86
		{6E7CF9BA-11BD-428B-B23E-2E16EF7BF2BD}.Debug|Win32.ActiveCfg = Debug|x86
		{6E7CF9BA-11BD-428B-B23E-2E16EF7BF2BD}.Debug|Win32.Build.0 = Debug|x86
		{6E7CF9BA-11BD-428B-B23E-2E16EF7BF2BD}.Debug|x64.ActiveCfg = Debug|Any CPU
		{6E7CF9BA-11BD-428B-B23E-2E16EF7BF2BD}.Debug|x86.ActiveCfg = Debug|x86
		{6E7CF9BA-11BD-428B-B23E-2E16EF7BF2BD}.Debug|x86.Build.0 = Debug|x86
		{6E7CF9BA-11BD-428B-B23E-2E16EF7BF2BD}.Debug64|Any CPU.ActiveCfg = Debug64|Any CPU
		{6E7CF9BA-11BD-428B-B23E-2E16EF7BF2BD}.Debug64|Mixed Platforms.ActiveCfg = Debug64|x86
		{6E7CF9BA-11BD-428B-B23E-2E16EF7BF2BD}.Debug64|Win32.ActiveCfg = Debug64|x86
		{6E7CF9BA-11BD-428B-B23E-2E16EF7BF2BD}.Debug64|x64.ActiveCfg = Debug64|x64
		{6E7CF9BA-11BD-428B-B23E-2E16EF7BF2BD}.Debug64|x64.Build.0 = Debug64|x64
		{6E7CF9BA-11BD-428B-B23E-2E16EF7BF2BD}.Debug64|x86.ActiveCfg = Debug64|x86
		{6E7CF9BA-11BD-428B-B23E-2E16EF7BF2BD}.Release|Any CPU.ActiveCfg = Release|Any CPU
		{6E7CF9BA-11BD-428B-B23E-2E16EF7BF2BD}.Release|Mixed Platforms.ActiveCfg = Release|x86
		{6E7CF9BA-11BD-428B-B23E-2E16EF7BF2BD}.Release|Win32.ActiveCfg = Release|x86
		{6E7CF9BA-11BD-428B-B23E-2E16EF7BF2BD}.Release|Win32.Build.0 = Release|x86
		{6E7CF9BA-11BD-428B-B23E-2E16EF7BF2BD}.Release|x64.ActiveCfg = Release|x64
		{6E7CF9BA-11BD-428B-B23E-2E16EF7BF2BD}.Release|x86.ActiveCfg = Release|x86
		{6E7CF9BA-11BD-428B-B23E-2E16EF7BF2BD}.Release|x86.Build.0 = Release|x86
		{6E7CF9BA-11BD-428B-B23E-2E16EF7BF2BD}.Release64|Any CPU.ActiveCfg = Release64|x64
		{6E7CF9BA-11BD-428B-B23E-2E16EF7BF2BD}.Release64|Mixed Platforms.ActiveCfg = Release64|x64
		{6E7CF9BA-11BD-428B-B23E-2E16EF7BF2BD}.Release64|Win32.ActiveCfg = Release64|x86
		{6E7CF9BA-11BD-428B-B23E-2E16EF7BF2BD}.Release64|x64.ActiveCfg = Release64|x64
		{6E7CF9BA-11BD-428B-B23E-2E16EF7BF2BD}.Release64|x64.Build.0 = Release64|x64
		{6E7CF9BA-11BD-428B-B23E-2E16EF7BF2BD}.Release64|x86.ActiveCfg = Release64|x86
		{44FD12A3-D043-4DE3-BA2F-0F1DC1440488}.Debug|Any CPU.ActiveCfg = Debug|Win32
		{44FD12A3-D043-4DE3-BA2F-0F1DC1440488}.Debug|Mixed Platforms.ActiveCfg = Debug|Win32
		{44FD12A3-D043-4DE3-BA2F-0F1DC1440488}.Debug|Win32.ActiveCfg = Debug|Win32
		{44FD12A3-D043-4DE3-BA2F-0F1DC1440488}.Debug|Win32.Build.0 = Debug|Win32
		{44FD12A3-D043-4DE3-BA2F-0F1DC1440488}.Debug|x64.ActiveCfg = Debug|x64
		{44FD12A3-D043-4DE3-BA2F-0F1DC1440488}.Debug|x86.ActiveCfg = Debug|Win32
		{44FD12A3-D043-4DE3-BA2F-0F1DC1440488}.Debug|x86.Build.0 = Debug|Win32
		{44FD12A3-D043-4DE3-BA2F-0F1DC1440488}.Debug64|Any CPU.ActiveCfg = Debug64|x64
		{44FD12A3-D043-4DE3-BA2F-0F1DC1440488}.Debug64|Mixed Platforms.ActiveCfg = Debug64|Win32
		{44FD12A3-D043-4DE3-BA2F-0F1DC1440488}.Debug64|Win32.ActiveCfg = Debug64|Win32
		{44FD12A3-D043-4DE3-BA2F-0F1DC1440488}.Debug64|x64.ActiveCfg = Debug64|x64
		{44FD12A3-D043-4DE3-BA2F-0F1DC1440488}.Debug64|x64.Build.0 = Debug64|x64
		{44FD12A3-D043-4DE3-BA2F-0F1DC1440488}.Debug64|x86.ActiveCfg = Debug64|Win32
		{44FD12A3-D043-4DE3-BA2F-0F1DC1440488}.Release|Any CPU.ActiveCfg = Release|Win32
		{44FD12A3-D043-4DE3-BA2F-0F1DC1440488}.Release|Mixed Platforms.ActiveCfg = Release|Win32
		{44FD12A3-D043-4DE3-BA2F-0F1DC1440488}.Release|Win32.ActiveCfg = Release|Win32
		{44FD12A3-D043-4DE3-BA2F-0F1DC1440488}.Release|Win32.Build.0 = Release|Win32
		{44FD12A3-D043-4DE3-BA2F-0F1DC1440488}.Release|x64.ActiveCfg = Release|x64
		{44FD12A3-D043-4DE3-BA2F-0F1DC1440488}.Release|x86.ActiveCfg = Release|Win32
		{44FD12A3-D043-4DE3-BA2F-0F1DC1440488}.Release|x86.Build.0 = Release|Win32
		{44FD12A3-D043-4DE3-BA2F-0F1DC1440488}.Release64|Any CPU.ActiveCfg = Release64|x64
		{44FD12A3-D043-4DE3-BA2F-0F1DC1440488}.Release64|Mixed Platforms.ActiveCfg = Release64|x64
		{44FD12A3-D043-4DE3-BA2F-0F1DC1440488}.Release64|Win32.ActiveCfg = Release64|Win32
		{44FD12A3-D043-4DE3-BA2F-0F1DC1440488}.Release64|x64.ActiveCfg = Release64|x64
		{44FD12A3-D043-4DE3-BA2F-0F1DC1440488}.Release64|x64.Build.0 = Release64|x64
		{44FD12A3-D043-4DE3-BA2F-0F1DC1440488}.Release64|x86.ActiveCfg = Release64|Win32
		{5BB432FA-0E5D-49E0-BE8C-927ADE45E156}.Debug|Any CPU.ActiveCfg = Debug|Win32
		{5BB432FA-0E5D-49E0-BE8C-927ADE45E156}.Debug|Any CPU.Build.0 = Debug|Win32
		{5BB432FA-0E5D-49E0-BE8C-927ADE45E156}.Debug|Mixed Platforms.ActiveCfg = Debug|Win32
		{5BB432FA-0E5D-49E0-BE8C-927ADE45E156}.Debug|Mixed Platforms.Build.0 = Debug|Win32
		{5BB432FA-0E5D-49E0-BE8C-927ADE45E156}.Debug|Win32.ActiveCfg = Debug|Win32
		{5BB432FA-0E5D-49E0-BE8C-927ADE45E156}.Debug|Win32.Build.0 = Debug|Win32
		{5BB432FA-0E5D-49E0-BE8C-927ADE45E156}.Debug|x64.ActiveCfg = Debug|Win32
		{5BB432FA-0E5D-49E0-BE8C-927ADE45E156}.Debug|x64.Build.0 = Debug|Win32
		{5BB432FA-0E5D-49E0-BE8C-927ADE45E156}.Debug|x86.ActiveCfg = Debug|Win32
		{5BB432FA-0E5D-49E0-BE8C-927ADE45E156}.Debug|x86.Build.0 = Debug|Win32
		{5BB432FA-0E5D-49E0-BE8C-927ADE45E156}.Debug64|Any CPU.ActiveCfg = Debug|Win32
		{5BB432FA-0E5D-49E0-BE8C-927ADE45E156}.Debug64|Any CPU.Build.0 = Debug|Win32
		{5BB432FA-0E5D-49E0-BE8C-927ADE45E156}.Debug64|Mixed Platforms.ActiveCfg = Debug|Win32
		{5BB432FA-0E5D-49E0-BE8C-927ADE45E156}.Debug64|Mixed Platforms.Build.0 = Debug|Win32
		{5BB432FA-0E5D-49E0-BE8C-927ADE45E156}.Debug64|Win32.ActiveCfg = Debug|Win32
		{5BB432FA-0E5D-49E0-BE8C-927ADE45E156}.Debug64|Win32.Build.0 = Debug|Win32
		{5BB432FA-0E5D-49E0-BE8C-927ADE45E156}.Debug64|x64.ActiveCfg = Debug64|x64
		{5BB432FA-0E5D-49E0-BE8C-927ADE45E156}.Debug64|x64.Build.0 = Debug64|x64
		{5BB432FA-0E5D-49E0-BE8C-927ADE45E156}.Debug64|x86.ActiveCfg = Debug|Win32
		{5BB432FA-0E5D-49E0-BE8C-927ADE45E156}.Debug64|x86.Build.0 = Debug|Win32
		{5BB432FA-0E5D-49E0-BE8C-927ADE45E156}.Release|Any CPU.ActiveCfg = Release|Win32
		{5BB432FA-0E5D-49E0-BE8C-927ADE45E156}.Release|Any CPU.Build.0 = Release|Win32
		{5BB432FA-0E5D-49E0-BE8C-927ADE45E156}.Release|Mixed Platforms.ActiveCfg = Release|Win32
		{5BB432FA-0E5D-49E0-BE8C-927ADE45E156}.Release|Mixed Platforms.Build.0 = Release|Win32
		{5BB432FA-0E5D-49E0-BE8C-927ADE45E156}.Release|Win32.ActiveCfg = Release|Win32
		{5BB432FA-0E5D-49E0-BE8C-927ADE45E156}.Release|Win32.Build.0 = Release|Win32
		{5BB432FA-0E5D-49E0-BE8C-927ADE45E156}.Release|x64.ActiveCfg = Release|Win32
		{5BB432FA-0E5D-49E0-BE8C-927ADE45E156}.Release|x64.Build.0 = Release|Win32
		{5BB432FA-0E5D-49E0-BE8C-927ADE45E156}.Release|x86.ActiveCfg = Release|Win32
		{5BB432FA-0E5D-49E0-BE8C-927ADE45E156}.Release|x86.Build.0 = Release|Win32
		{5BB432FA-0E5D-49E0-BE8C-927ADE45E156}.Release64|Any CPU.ActiveCfg = Release|Win32
		{5BB432FA-0E5D-49E0-BE8C-927ADE45E156}.Release64|Any CPU.Build.0 = Release|Win32
		{5BB432FA-0E5D-49E0-BE8C-927ADE45E156}.Release64|Mixed Platforms.ActiveCfg = Release|Win32
		{5BB432FA-0E5D-49E0-BE8C-927ADE45E156}.Release64|Mixed Platforms.Build.0 = Release|Win32
		{5BB432FA-0E5D-49E0-BE8C-927ADE45E156}.Release64|Win32.ActiveCfg = Release|Win32
		{5BB432FA-0E5D-49E0-BE8C-927ADE45E156}.Release64|Win32.Build.0 = Release|Win32
		{5BB432FA-0E5D-49E0-BE8C-927ADE45E156}.Release64|x64.ActiveCfg = Release64|x64
		{5BB432FA-0E5D-49E0-BE8C-927ADE45E156}.Release64|x64.Build.0 = Release64|x64
		{5BB432FA-0E5D-49E0-BE8C-927ADE45E156}.Release64|x86.ActiveCfg = Release|Win32
		{5BB432FA-0E5D-49E0-BE8C-927ADE45E156}.Release64|x86.Build.0 = Release|Win32
	EndGlobalSection
	GlobalSection(SolutionProperties) = preSolution
		HideSolutionNode = FALSE
	EndGlobalSection
	GlobalSection(ExtensibilityGlobals) = postSolution
		SolutionGuid = {D0BADFA8-F8FD-453C-A097-8D302DA65D45}
	EndGlobalSection
EndGlobal
