Microsoft Visual Studio Solution File, Format Version 12.00
# Visual Studio 2013
VisualStudioVersion = 12.0.31101.0
MinimumVisualStudioVersion = 10.0.40219.1
Project("{8BC9CEB8-8B4A-11D0-8D11-00A0C91BC942}") = "GCodeInterpreter", "GCodeInterpreter\GCodeInterpreter.vcxproj", "{FB604DCB-AE28-48CA-8256-95E450E170D7}"
EndProject
Project("{8BC9CEB8-8B4A-11D0-8D11-00A0C91BC942}") = "KMotionDLL", "KMotionDLL\KMotionDLL.vcxproj", "{FF59B059-0303-47F0-BE70-71F66E39C1A4}"
EndProject
Global
	GlobalSection(SolutionConfigurationPlatforms) = preSolution
		Debug|Win32 = Debug|Win32
		Release|Win32 = Release|Win32
	EndGlobalSection
	GlobalSection(ProjectConfigurationPlatforms) = postSolution
		{FB604DCB-AE28-48CA-8256-95E450E170D7}.Debug|Win32.ActiveCfg = Release|Win32
		{FB604DCB-AE28-48CA-8256-95E450E170D7}.Debug|Win32.Build.0 = Release|Win32
		{FB604DCB-AE28-48CA-8256-95E450E170D7}.Release|Win32.ActiveCfg = Release|Win32
		{FB604DCB-AE28-48CA-8256-95E450E170D7}.Release|Win32.Build.0 = Release|Win32
		{FF59B059-0303-47F0-BE70-71F66E39C1A4}.Debug|Win32.ActiveCfg = Release|Win32
		{FF59B059-0303-47F0-BE70-71F66E39C1A4}.Debug|Win32.Build.0 = Release|Win32
		{FF59B059-0303-47F0-BE70-71F66E39C1A4}.Release|Win32.ActiveCfg = Release|Win32
		{FF59B059-0303-47F0-BE70-71F66E39C1A4}.Release|Win32.Build.0 = Release|Win32
	EndGlobalSection
	GlobalSection(SolutionProperties) = preSolution
		HideSolutionNode = FALSE
	EndGlobalSection
EndGlobal
