<?xml version="1.0" encoding="utf-8"?>
<Project ToolsVersion="4.0" xmlns="http://schemas.microsoft.com/developer/msbuild/2003">
  <ItemGroup>
    <Filter Include="Source Files">
      <UniqueIdentifier>{08c61cef-daa7-42da-a811-60fbc3963358}</UniqueIdentifier>
      <Extensions>cpp;c;cxx;rc;def;r;odl;idl;hpj;bat</Extensions>
    </Filter>
    <Filter Include="Header Files">
      <UniqueIdentifier>{e06db786-8f80-4950-9f3c-388361efb6a7}</UniqueIdentifier>
      <Extensions>h;hpp;hxx;hm;inl</Extensions>
    </Filter>
    <Filter Include="Resource Files">
      <UniqueIdentifier>{dd05b877-5ba7-48cb-9474-dc093a86d0f5}</UniqueIdentifier>
      <Extensions>ico;cur;bmp;dlg;rc2;rct;bin;rgs;gif;jpg;jpeg;jpe</Extensions>
    </Filter>
  </ItemGroup>
  <ItemGroup>
    <ClCompile Include="CLOAD.CPP">
      <Filter>Source Files</Filter>
    </ClCompile>
    <ClCompile Include="COFFMAIN.CPP">
      <Filter>Source Files</Filter>
    </ClCompile>
    <ClCompile Include="HiResTimer.cpp">
      <Filter>Source Files</Filter>
    </ClCompile>
    <ClCompile Include="KMotionApp.cpp">
      <Filter>Source Files</Filter>
    </ClCompile>
    <ClCompile Include="KMotionDLL.cpp">
      <Filter>Source Files</Filter>
    </ClCompile>
    <ClCompile Include="KMotionDLL_Direct.cpp">
      <Filter>Source Files</Filter>
    </ClCompile>
    <ClCompile Include="KmotionIO.cpp">
      <Filter>Source Files</Filter>
    </ClCompile>
    <ClCompile Include="KMotionLocal.cpp">
      <Filter>Source Files</Filter>
    </ClCompile>
    <ClCompile Include="StdAfx.cpp">
      <Filter>Source Files</Filter>
    </ClCompile>
  </ItemGroup>
  <ItemGroup>
    <ClInclude Include="CLOAD.H">
      <Filter>Header Files</Filter>
    </ClInclude>
    <ClInclude Include="FTD2XX.H">
      <Filter>Header Files</Filter>
    </ClInclude>
    <ClInclude Include="HiResTimer.h">
      <Filter>Header Files</Filter>
    </ClInclude>
    <ClInclude Include="KMotionApp.h">
      <Filter>Header Files</Filter>
    </ClInclude>
    <ClInclude Include="KMotionDLL.h">
      <Filter>Header Files</Filter>
    </ClInclude>
    <ClInclude Include="KMotionDLL_Direct.h">
      <Filter>Header Files</Filter>
    </ClInclude>
    <ClInclude Include="KmotionIO.h">
      <Filter>Header Files</Filter>
    </ClInclude>
    <ClInclude Include="KMotionLocal.h">
      <Filter>Header Files</Filter>
    </ClInclude>
    <ClInclude Include="StdAfx.h">
      <Filter>Header Files</Filter>
    </ClInclude>
  </ItemGroup>
  <ItemGroup>
    <Library Include="FTD2XX.LIB" />
  </ItemGroup>
</Project>