<?xml version="1.0" encoding="utf-8"?>
<Project ToolsVersion="4.0" xmlns="http://schemas.microsoft.com/developer/msbuild/2003">
  <ItemGroup>
    <Filter Include="Source Files">
      <UniqueIdentifier>{953b4ab3-a317-45f1-b590-dba38660d3db}</UniqueIdentifier>
      <Extensions>cpp;c;cxx;rc;def;r;odl;idl;hpj;bat</Extensions>
    </Filter>
    <Filter Include="Header Files">
      <UniqueIdentifier>{bf8e614a-6db4-4cb3-8aa7-3ed56cdad5b2}</UniqueIdentifier>
      <Extensions>h;hpp;hxx;hm;inl</Extensions>
    </Filter>
    <Filter Include="Resource Files">
      <UniqueIdentifier>{bdcfaecb-b4dc-44e7-8109-b55543e159cb}</UniqueIdentifier>
      <Extensions>ico;cur;bmp;dlg;rc2;rct;bin;rgs;gif;jpg;jpeg;jpe</Extensions>
    </Filter>
  </ItemGroup>
  <ItemGroup>
    <ClCompile Include="BsDocTemplate.cpp">
      <Filter>Source Files</Filter>
    </ClCompile>
    <ClCompile Include="..\KMotionDLL\HiResTimer.cpp">
      <Filter>Source Files</Filter>
    </ClCompile>
    <ClCompile Include="KMotionServer.cpp">
      <Filter>Source Files</Filter>
    </ClCompile>
    <ClCompile Include="KMotionServerDoc.cpp">
      <Filter>Source Files</Filter>
    </ClCompile>
    <ClCompile Include="KMotionServerMain.cpp">
      <Filter>Source Files</Filter>
    </ClCompile>
    <ClCompile Include="KMotionServerView.cpp">
      <Filter>Source Files</Filter>
    </ClCompile>
    <ClCompile Include="MainFrmKS.cpp">
      <Filter>Source Files</Filter>
    </ClCompile>
    <ClCompile Include="StdAfx.cpp">
      <Filter>Source Files</Filter>
    </ClCompile>
  </ItemGroup>
  <ItemGroup>
    <ResourceCompile Include="KMotionServer.rc">
      <Filter>Source Files</Filter>
    </ResourceCompile>
  </ItemGroup>
  <ItemGroup>
    <ClInclude Include="BsDocTemplate.h">
      <Filter>Header Files</Filter>
    </ClInclude>
    <ClInclude Include="..\KMotionDLL\FTD2XX.H">
      <Filter>Header Files</Filter>
    </ClInclude>
    <ClInclude Include="..\KMotionDLL\HiResTimer.h">
      <Filter>Header Files</Filter>
    </ClInclude>
    <ClInclude Include="..\KMotionDLL\KMotionDLL.h">
      <Filter>Header Files</Filter>
    </ClInclude>
    <ClInclude Include="..\KMotionDLL\KMotionDLL_Direct.h">
      <Filter>Header Files</Filter>
    </ClInclude>
    <ClInclude Include="..\KMotionDLL\KmotionIO.h">
      <Filter>Header Files</Filter>
    </ClInclude>
    <ClInclude Include="KMotionServer.h">
      <Filter>Header Files</Filter>
    </ClInclude>
    <ClInclude Include="KMotionServerDoc.h">
      <Filter>Header Files</Filter>
    </ClInclude>
    <ClInclude Include="KMotionServerView.h">
      <Filter>Header Files</Filter>
    </ClInclude>
    <ClInclude Include="MainFrm.h">
      <Filter>Header Files</Filter>
    </ClInclude>
    <ClInclude Include="..\DSP_KFLOP\PC-DSP.h">
      <Filter>Header Files</Filter>
    </ClInclude>
    <ClInclude Include="Resource.h">
      <Filter>Header Files</Filter>
    </ClInclude>
    <ClInclude Include="StdAfx.h">
      <Filter>Header Files</Filter>
    </ClInclude>
  </ItemGroup>
  <ItemGroup>
    <Image Include="res\KMotionServer.ico">
      <Filter>Resource Files</Filter>
    </Image>
    <Image Include="res\KMotionServerDoc.ico">
      <Filter>Resource Files</Filter>
    </Image>
    <Image Include="res\Toolbar.bmp">
      <Filter>Resource Files</Filter>
    </Image>
  </ItemGroup>
  <ItemGroup>
    <None Include="res\KMotionServer.rc2">
      <Filter>Resource Files</Filter>
    </None>
  </ItemGroup>
</Project>