<?xml version="1.0" encoding="utf-8"?>
<Project ToolsVersion="4.0" xmlns="http://schemas.microsoft.com/developer/msbuild/2003">
  <ItemGroup>
    <Filter Include="Source Files">
      <UniqueIdentifier>{f2249d7b-48c3-45c9-bf27-f3d651d6f8bd}</UniqueIdentifier>
      <Extensions>cpp;c;cxx;rc;def;r;odl;idl;hpj;bat</Extensions>
    </Filter>
    <Filter Include="Header Files">
      <UniqueIdentifier>{ffe27698-44af-4be5-8e0e-5b4d2317e766}</UniqueIdentifier>
      <Extensions>h;hpp;hxx;hm;inl</Extensions>
    </Filter>
    <Filter Include="Resource Files">
      <UniqueIdentifier>{aada577d-4a9b-403a-a2cd-58baebe9562c}</UniqueIdentifier>
      <Extensions>ico;cur;bmp;dlg;rc2;rct;bin;rgs;gif;jpg;jpeg;jpe</Extensions>
    </Filter>
  </ItemGroup>
  <ItemGroup>
    <ClCompile Include="canon_stand_alone.cpp">
      <Filter>Source Files</Filter>
    </ClCompile>
    <ClCompile Include="CoordMotion.cpp">
      <Filter>Source Files</Filter>
    </ClCompile>
    <ClCompile Include="driver.cpp">
      <Filter>Source Files</Filter>
    </ClCompile>
    <ClCompile Include="GCodeInterpreter.cpp">
      <Filter>Source Files</Filter>
    </ClCompile>
    <ClCompile Include="..\KMotionDLL\HiResTimer.cpp">
      <Filter>Source Files</Filter>
    </ClCompile>
    <ClCompile Include="Kinematics.cpp">
      <Filter>Source Files</Filter>
    </ClCompile>
    <ClCompile Include="Kinematics3Rod.cpp">
      <Filter>Source Files</Filter>
    </ClCompile>
    <ClCompile Include="PT2D.cpp">
      <Filter>Source Files</Filter>
    </ClCompile>
    <ClCompile Include="PT3D.cpp">
      <Filter>Source Files</Filter>
    </ClCompile>
    <ClCompile Include="rs274ngc.cpp">
      <Filter>Source Files</Filter>
    </ClCompile>
    <ClCompile Include="SetupTracker.cpp">
      <Filter>Source Files</Filter>
    </ClCompile>
    <ClCompile Include="StdAfx.cpp">
      <Filter>Source Files</Filter>
    </ClCompile>
    <ClCompile Include="TrajectoryPlanner.cpp">
      <Filter>Source Files</Filter>
    </ClCompile>
    <ClCompile Include="KinematicsGeppetto.cpp">
      <Filter>Source Files</Filter>
    </ClCompile>
    <ClCompile Include="Kinematics5AxisGimbalAB.cpp">
      <Filter>Source Files</Filter>
    </ClCompile>
    <ClCompile Include="KinematicsGeppettoExtrude.cpp">
      <Filter>Source Files</Filter>
    </ClCompile>
    <ClCompile Include="Kinematics5AxisTableBC.cpp">
      <Filter>Source Files</Filter>
    </ClCompile>
    <ClCompile Include="Kinematics5AxisTableAC.cpp">
      <Filter>Source Files</Filter>
    </ClCompile>
    <ClCompile Include="Kinematics5AxisGimbalCB.cpp">
      <Filter>Source Files</Filter>
    </ClCompile>
  </ItemGroup>
  <ItemGroup>
    <ClInclude Include="canon.h">
      <Filter>Header Files</Filter>
    </ClInclude>
    <ClInclude Include="CoordMotion.h">
      <Filter>Header Files</Filter>
    </ClInclude>
    <ClInclude Include="driver.h">
      <Filter>Header Files</Filter>
    </ClInclude>
    <ClInclude Include="GCodeInterpreter.h">
      <Filter>Header Files</Filter>
    </ClInclude>
    <ClInclude Include="..\KMotionDLL\HiResTimer.h">
      <Filter>Header Files</Filter>
    </ClInclude>
    <ClInclude Include="Kinematics.h">
      <Filter>Header Files</Filter>
    </ClInclude>
    <ClInclude Include="Kinematics3Rod.h">
      <Filter>Header Files</Filter>
    </ClInclude>
    <ClInclude Include="..\KMotionDLL\KMotionDLL.h">
      <Filter>Header Files</Filter>
    </ClInclude>
    <ClInclude Include="..\DSP_KFLOP\PC-DSP.h">
      <Filter>Header Files</Filter>
    </ClInclude>
    <ClInclude Include="PT2D.h">
      <Filter>Header Files</Filter>
    </ClInclude>
    <ClInclude Include="PT3D.h">
      <Filter>Header Files</Filter>
    </ClInclude>
    <ClInclude Include="rs274ngc.h">
      <Filter>Header Files</Filter>
    </ClInclude>
    <ClInclude Include="rs274ngc_errors.h">
      <Filter>Header Files</Filter>
    </ClInclude>
    <ClInclude Include="rs274ngc_return.h">
      <Filter>Header Files</Filter>
    </ClInclude>
    <ClInclude Include="SetupTracker.h">
      <Filter>Header Files</Filter>
    </ClInclude>
    <ClInclude Include="StdAfx.h">
      <Filter>Header Files</Filter>
    </ClInclude>
    <ClInclude Include="TrajectoryPlanner.h">
      <Filter>Header Files</Filter>
    </ClInclude>
    <ClInclude Include="KinematicsGeppetto.h">
      <Filter>Header Files</Filter>
    </ClInclude>
    <ClInclude Include="Kinematics5AxisGimbalAB.h">
      <Filter>Header Files</Filter>
    </ClInclude>
    <ClInclude Include="KinematicsGeppettoExtrude.h">
      <Filter>Header Files</Filter>
    </ClInclude>
    <ClInclude Include="Kinematics5AxisTableBC.h">
      <Filter>Header Files</Filter>
    </ClInclude>
    <ClInclude Include="Kinematics5AxisTableAC.h">
      <Filter>Header Files</Filter>
    </ClInclude>
    <ClInclude Include="Kinematics5AxisGimbalCB.h">
      <Filter>Header Files</Filter>
    </ClInclude>
  </ItemGroup>
</Project>