<?xml version="1.0" encoding="utf-8"?>
<Project ToolsVersion="4.0" xmlns="http://schemas.microsoft.com/developer/msbuild/2003">
  <ItemGroup>
    <Filter Include="Source Files">
      <UniqueIdentifier>{e79012ee-812f-4c17-99de-23549a06fec9}</UniqueIdentifier>
      <Extensions>cpp;c;cxx;rc;def;r;odl;idl;hpj;bat</Extensions>
    </Filter>
    <Filter Include="Header Files">
      <UniqueIdentifier>{dc4b05c9-a7fa-45b3-99af-9a19d702c6d8}</UniqueIdentifier>
      <Extensions>h;hpp;hxx;hm;inl</Extensions>
    </Filter>
    <Filter Include="Resource Files">
      <UniqueIdentifier>{7d73957e-7359-48e7-9ab7-ae3fa22d01bd}</UniqueIdentifier>
      <Extensions>ico;cur;bmp;dlg;rc2;rct;bin;rgs;gif;jpg;jpeg;jpe</Extensions>
    </Filter>
  </ItemGroup>
  <ItemGroup>
    <ClCompile Include="canon_stand_alone.cpp">
      <Filter>Source Files</Filter>
    </ClCompile>
    <ClCompile Include="CoordMotion.cpp">
      <Filter>Source Files</Filter>
    </ClCompile>
    <ClCompile Include="driver.cpp">
      <Filter>Source Files</Filter>
    </ClCompile>
    <ClCompile Include="GCodeInterpreter.cpp">
      <Filter>Source Files</Filter>
    </ClCompile>
    <ClCompile Include="..\KMotionDLL\HiResTimer.cpp">
      <Filter>Source Files</Filter>
    </ClCompile>
    <ClCompile Include="Kinematics.cpp">
      <Filter>Source Files</Filter>
    </ClCompile>
    <ClCompile Include="Kinematics3Rod.cpp">
      <Filter>Source Files</Filter>
    </ClCompile>
    <ClCompile Include="PT2D.cpp">
      <Filter>Source Files</Filter>
    </ClCompile>
    <ClCompile Include="PT3D.cpp">
      <Filter>Source Files</Filter>
    </ClCompile>
    <ClCompile Include="rs274ngc.cpp">
      <Filter>Source Files</Filter>
    </ClCompile>
    <ClCompile Include="SetupTracker.cpp">
      <Filter>Source Files</Filter>
    </ClCompile>
    <ClCompile Include="StdAfx.cpp">
      <Filter>Source Files</Filter>
    </ClCompile>
    <ClCompile Include="TrajectoryPlanner.cpp">
      <Filter>Source Files</Filter>
    </ClCompile>
  </ItemGroup>
  <ItemGroup>
    <ClInclude Include="canon.h">
      <Filter>Header Files</Filter>
    </ClInclude>
    <ClInclude Include="CoordMotion.h">
      <Filter>Header Files</Filter>
    </ClInclude>
    <ClInclude Include="driver.h">
      <Filter>Header Files</Filter>
    </ClInclude>
    <ClInclude Include="GCodeInterpreter.h">
      <Filter>Header Files</Filter>
    </ClInclude>
    <ClInclude Include="..\KMotionDLL\HiResTimer.h">
      <Filter>Header Files</Filter>
    </ClInclude>
    <ClInclude Include="Kinematics.h">
      <Filter>Header Files</Filter>
    </ClInclude>
    <ClInclude Include="Kinematics3Rod.h">
      <Filter>Header Files</Filter>
    </ClInclude>
    <ClInclude Include="..\KMotionDLL\KMotionDLL.h">
      <Filter>Header Files</Filter>
    </ClInclude>
    <ClInclude Include="..\DSP_KFLOP\PC-DSP.h">
      <Filter>Header Files</Filter>
    </ClInclude>
    <ClInclude Include="PT2D.h">
      <Filter>Header Files</Filter>
    </ClInclude>
    <ClInclude Include="PT3D.h">
      <Filter>Header Files</Filter>
    </ClInclude>
    <ClInclude Include="rs274ngc.h">
      <Filter>Header Files</Filter>
    </ClInclude>
    <ClInclude Include="rs274ngc_errors.h">
      <Filter>Header Files</Filter>
    </ClInclude>
    <ClInclude Include="rs274ngc_return.h">
      <Filter>Header Files</Filter>
    </ClInclude>
    <ClInclude Include="SetupTracker.h">
      <Filter>Header Files</Filter>
    </ClInclude>
    <ClInclude Include="StdAfx.h">
      <Filter>Header Files</Filter>
    </ClInclude>
    <ClInclude Include="TrajectoryPlanner.h">
      <Filter>Header Files</Filter>
    </ClInclude>
  </ItemGroup>
</Project>